
Microsoft Visual Studio Solution File, Format Version 12.00
# Visual Studio Version 17
VisualStudioVersion = 17.9.34701.34
MinimumVisualStudioVersion = 10.0.40219.1
Project("{FAE04EC0-301F-11D3-BF4B-00C04F79EFBC}") = "lab04-completed", "lab04-completed\lab04-completed.csproj", "{5A9A06CE-5F6C-4690-BFE9-53BB92FBADD0}"
EndProject
Project("{FAE04EC0-301F-11D3-BF4B-00C04F79EFBC}") = "lab04-workyard", "lab04-workyard\lab04-workyard.csproj", "{D8D52B70-2349-4C84-83CC-97249FC7BC05}"
EndProject
Global
	GlobalSection(SolutionConfigurationPlatforms) = preSolution
		Debug|Any CPU = Debug|Any CPU
		Release|Any CPU = Release|Any CPU
	EndGlobalSection
	GlobalSection(ProjectConfigurationPlatforms) = postSolution
		{5A9A06CE-5F6C-4690-BFE9-53BB92FBADD0}.Debug|Any CPU.ActiveCfg = Debug|Any CPU
		{5A9A06CE-5F6C-4690-BFE9-53BB92FBADD0}.Debug|Any CPU.Build.0 = Debug|Any CPU
		{5A9A06CE-5F6C-4690-BFE9-53BB92FBADD0}.Release|Any CPU.ActiveCfg = Release|Any CPU
		{5A9A06CE-5F6C-4690-BFE9-53BB92FBADD0}.Release|Any CPU.Build.0 = Release|Any CPU
		{D8D52B70-2349-4C84-83CC-97249FC7BC05}.Debug|Any CPU.ActiveCfg = Debug|Any CPU
		{D8D52B70-2349-4C84-83CC-97249FC7BC05}.Debug|Any CPU.Build.0 = Debug|Any CPU
		{D8D52B70-2349-4C84-83CC-97249FC7BC05}.Release|Any CPU.ActiveCfg = Release|Any CPU
		{D8D52B70-2349-4C84-83CC-97249FC7BC05}.Release|Any CPU.Build.0 = Release|Any CPU
	EndGlobalSection
	GlobalSection(SolutionProperties) = preSolution
		HideSolutionNode = FALSE
	EndGlobalSection
	GlobalSection(ExtensibilityGlobals) = postSolution
		SolutionGuid = {5E3E29AB-DB78-474A-AC95-8868BD1DDA8A}
	EndGlobalSection
EndGlobal
