
Microsoft Visual Studio Solution File, Format Version 12.00
# Visual Studio Version 17
VisualStudioVersion = 17.9.34701.34
MinimumVisualStudioVersion = 10.0.40219.1
Project("{FAE04EC0-301F-11D3-BF4B-00C04F79EFBC}") = "lab05-completed", "lab05-completed\lab05-completed.csproj", "{EA289101-C9AA-4813-B5C1-981D6ACE65B7}"
EndProject
Project("{FAE04EC0-301F-11D3-BF4B-00C04F79EFBC}") = "lab05-workyard", "lab05-workyard\lab05-workyard.csproj", "{8FFBE9F7-BEFA-4C01-A7C9-EB6E26796C92}"
EndProject
Global
	GlobalSection(SolutionConfigurationPlatforms) = preSolution
		Debug|Any CPU = Debug|Any CPU
		Release|Any CPU = Release|Any CPU
	EndGlobalSection
	GlobalSection(ProjectConfigurationPlatforms) = postSolution
		{EA289101-C9AA-4813-B5C1-981D6ACE65B7}.Debug|Any CPU.ActiveCfg = Debug|Any CPU
		{EA289101-C9AA-4813-B5C1-981D6ACE65B7}.Debug|Any CPU.Build.0 = Debug|Any CPU
		{EA289101-C9AA-4813-B5C1-981D6ACE65B7}.Release|Any CPU.ActiveCfg = Release|Any CPU
		{EA289101-C9AA-4813-B5C1-981D6ACE65B7}.Release|Any CPU.Build.0 = Release|Any CPU
		{8FFBE9F7-BEFA-4C01-A7C9-EB6E26796C92}.Debug|Any CPU.ActiveCfg = Debug|Any CPU
		{8FFBE9F7-BEFA-4C01-A7C9-EB6E26796C92}.Debug|Any CPU.Build.0 = Debug|Any CPU
		{8FFBE9F7-BEFA-4C01-A7C9-EB6E26796C92}.Release|Any CPU.ActiveCfg = Release|Any CPU
		{8FFBE9F7-BEFA-4C01-A7C9-EB6E26796C92}.Release|Any CPU.Build.0 = Release|Any CPU
	EndGlobalSection
	GlobalSection(SolutionProperties) = preSolution
		HideSolutionNode = FALSE
	EndGlobalSection
	GlobalSection(ExtensibilityGlobals) = postSolution
		SolutionGuid = {279B304A-3C65-4C92-9198-BF2739B151FE}
	EndGlobalSection
EndGlobal
